
Microsoft Visual Studio Solution File, Format Version 12.00
# Visual Studio Version 16
VisualStudioVersion = 16.0.30320.27
MinimumVisualStudioVersion = 10.0.40219.1
Project("{FAE04EC0-301F-11D3-BF4B-00C04F79EFBC}") = "MQTT.API", "MQTT.API\MQTT.API.csproj", "{F54DA0D9-1AEF-43D3-BE8F-BAC17FBEE36D}"
EndProject
Project("{FAE04EC0-301F-11D3-BF4B-00C04F79EFBC}") = "MQTT.Model", "MQTT.Model\MQTT.Model.csproj", "{A7CFB2C0-33BA-4452-96F7-79F0408C97E4}"
EndProject
Project("{FAE04EC0-301F-11D3-BF4B-00C04F79EFBC}") = "MQTT.Common", "MQTT.Common\MQTT.Common.csproj", "{66055A6E-978C-4003-A083-873A0F5A2816}"
EndProject
Global
	GlobalSection(SolutionConfigurationPlatforms) = preSolution
		Debug|Any CPU = Debug|Any CPU
		Release|Any CPU = Release|Any CPU
	EndGlobalSection
	GlobalSection(ProjectConfigurationPlatforms) = postSolution
		{F54DA0D9-1AEF-43D3-BE8F-BAC17FBEE36D}.Debug|Any CPU.ActiveCfg = Debug|Any CPU
		{F54DA0D9-1AEF-43D3-BE8F-BAC17FBEE36D}.Debug|Any CPU.Build.0 = Debug|Any CPU
		{F54DA0D9-1AEF-43D3-BE8F-BAC17FBEE36D}.Release|Any CPU.ActiveCfg = Release|Any CPU
		{F54DA0D9-1AEF-43D3-BE8F-BAC17FBEE36D}.Release|Any CPU.Build.0 = Release|Any CPU
		{A7CFB2C0-33BA-4452-96F7-79F0408C97E4}.Debug|Any CPU.ActiveCfg = Debug|Any CPU
		{A7CFB2C0-33BA-4452-96F7-79F0408C97E4}.Debug|Any CPU.Build.0 = Debug|Any CPU
		{A7CFB2C0-33BA-4452-96F7-79F0408C97E4}.Release|Any CPU.ActiveCfg = Release|Any CPU
		{A7CFB2C0-33BA-4452-96F7-79F0408C97E4}.Release|Any CPU.Build.0 = Release|Any CPU
		{66055A6E-978C-4003-A083-873A0F5A2816}.Debug|Any CPU.ActiveCfg = Debug|Any CPU
		{66055A6E-978C-4003-A083-873A0F5A2816}.Debug|Any CPU.Build.0 = Debug|Any CPU
		{66055A6E-978C-4003-A083-873A0F5A2816}.Release|Any CPU.ActiveCfg = Release|Any CPU
		{66055A6E-978C-4003-A083-873A0F5A2816}.Release|Any CPU.Build.0 = Release|Any CPU
	EndGlobalSection
	GlobalSection(SolutionProperties) = preSolution
		HideSolutionNode = FALSE
	EndGlobalSection
	GlobalSection(ExtensibilityGlobals) = postSolution
		SolutionGuid = {4510A822-FC54-4315-84F4-C741FC879560}
	EndGlobalSection
EndGlobal
